
Microsoft Visual Studio Solution File, Format Version 12.00
# Visual Studio 15
VisualStudioVersion = 15.0.28010.2036
MinimumVisualStudioVersion = 10.0.40219.1
Project("{FAE04EC0-301F-11D3-BF4B-00C04F79EFBC}") = "ex2", "ex2\ex2.csproj", "{0934A5C3-77BD-4857-AC0A-6C2F616B5593}"
EndProject
Global
	GlobalSection(SolutionConfigurationPlatforms) = preSolution
		Debug|Any CPU = Debug|Any CPU
		Release|Any CPU = Release|Any CPU
	EndGlobalSection
	GlobalSection(ProjectConfigurationPlatforms) = postSolution
		{0934A5C3-77BD-4857-AC0A-6C2F616B5593}.Debug|Any CPU.ActiveCfg = Debug|Any CPU
		{0934A5C3-77BD-4857-AC0A-6C2F616B5593}.Debug|Any CPU.Build.0 = Debug|Any CPU
		{0934A5C3-77BD-4857-AC0A-6C2F616B5593}.Release|Any CPU.ActiveCfg = Release|Any CPU
		{0934A5C3-77BD-4857-AC0A-6C2F616B5593}.Release|Any CPU.Build.0 = Release|Any CPU
	EndGlobalSection
	GlobalSection(SolutionProperties) = preSolution
		HideSolutionNode = FALSE
	EndGlobalSection
	GlobalSection(ExtensibilityGlobals) = postSolution
		SolutionGuid = {184B1307-1D91-455F-9EFC-6C5AEB5BAE51}
	EndGlobalSection
EndGlobal
